PODS:
  - CocoaLumberjack (1.9.1):
    - CocoaLumberjack/Extensions
  - CocoaLumberjack/Core (1.9.1)
  - CocoaLumberjack/Extensions (1.9.1):
    - CocoaLumberjack/Core
  - DMInspectorPalette (0.0.1)
  - JSONKit-NoWarning (1.2)
  - Kiwi (2.3.0)
  - OTMXAttribute (0.0.3)
  - Sparkle (1.7.1)

DEPENDENCIES:
  - CocoaLumberjack
  - DMInspectorPalette
  - JSONKit-NoWarning
  - Kiwi
  - OTMXAttribute
  - Sparkle

SPEC CHECKSUMS:
  CocoaLumberjack: 94accd5749f5c5d15134c8d50f34a973aed8ef69
  DMInspectorPalette: e6ae811ce61e35d7d5db5d394cbeeaad8d470e31
  JSONKit-NoWarning: fc8d6dd8ec65e303867d1bd274632fc60a4a8ab9
  Kiwi: 54bece5b35564d9b8e03c608d926f1a22fcfc589
  OTMXAttribute: fe4586170eca13953bc8c68f1a881ceb1883fe66
  Sparkle: fde5ffeb7bf01db28925499ce2a75977763af58a

COCOAPODS: 0.33.1
