PODS:
  - CocoaLumberjack (1.8.1):
    - CocoaLumberjack/Extensions
  - CocoaLumberjack/Core (1.8.1)
  - CocoaLumberjack/Extensions (1.8.1):
    - CocoaLumberjack/Core
  - DMInspectorPalette (0.0.1)

DEPENDENCIES:
  - CocoaLumberjack
  - DMInspectorPalette

SPEC CHECKSUMS:
  CocoaLumberjack: 020378ec400d658923bf5887178394f65f052c90
  DMInspectorPalette: f3c4bafd80a10b5e073a42e6adfe7ad7daf2a5ed

COCOAPODS: 0.29.0
