// !$*UTF8*$!
{
	archiveVersion = 1;
	classes = {
	};
	objectVersion = 46;
	objects = {

/* Begin PBXAggregateTarget section */
		D21F376E171EC03700F961D6 /* Documentation */ = {
			isa = PBXAggregateTarget;
			buildConfigurationList = D21F376F171EC03700F961D6 /* Build configuration list for PBXAggregateTarget "Documentation" */;
			buildPhases = (
				D21F3772171EC04000F961D6 /* ShellScript */,
			);
			dependencies = (
			);
			name = Documentation;
			productName = Documentation;
		};
/* End PBXAggregateTarget section */

/* Begin PBXBuildFile section */
		D21ACB6017267A1700E2F8EC /* Sparkle.framework in Frameworks */ = {isa = PBXBuildFile; fileRef = D21ACB5F17267A1700E2F8EC /* Sparkle.framework */; };
		D21ACB6817267A7C00E2F8EC /* Sparkle.framework in CopyFiles */ = {isa = PBXBuildFile; fileRef = D21ACB5F17267A1700E2F8EC /* Sparkle.framework */; };
		D21ACB6B17267C1100E2F8EC /* dsa_textended.pem in Resources */ = {isa = PBXBuildFile; fileRef = D21ACB6A17267C1100E2F8EC /* dsa_textended.pem */; };
		D21ACBA01726868A00E2F8EC /* CommandCompletion.m in Sources */ = {isa = PBXBuildFile; fileRef = D21ACB831726868A00E2F8EC /* CommandCompletion.m */; };
		D21ACBA11726868A00E2F8EC /* CommandCompletions.plist in Resources */ = {isa = PBXBuildFile; fileRef = D21ACB841726868A00E2F8EC /* CommandCompletions.plist */; };
		D21ACBA21726868A00E2F8EC /* Completion.m in Sources */ = {isa = PBXBuildFile; fileRef = D21ACB861726868A00E2F8EC /* Completion.m */; };
		D21ACBA31726868A00E2F8EC /* EnvironmentCompletion.m in Sources */ = {isa = PBXBuildFile; fileRef = D21ACB881726868A00E2F8EC /* EnvironmentCompletion.m */; };
		D21ACBA41726868A00E2F8EC /* EnvironmentCompletions.plist in Resources */ = {isa = PBXBuildFile; fileRef = D21ACB891726868A00E2F8EC /* EnvironmentCompletions.plist */; };
		D21ACBA51726868A00E2F8EC /* BracketHighlighter.m in Sources */ = {isa = PBXBuildFile; fileRef = D21ACB8C1726868A00E2F8EC /* BracketHighlighter.m */; };
		D21ACBA61726868A00E2F8EC /* CodeExtensionEngine.m in Sources */ = {isa = PBXBuildFile; fileRef = D21ACB8E1726868A00E2F8EC /* CodeExtensionEngine.m */; };
		D21ACBA71726868A00E2F8EC /* CodeNavigationAssistant.m in Sources */ = {isa = PBXBuildFile; fileRef = D21ACB901726868A00E2F8EC /* CodeNavigationAssistant.m */; };
		D21ACBA81726868A00E2F8EC /* CompletionHandler.m in Sources */ = {isa = PBXBuildFile; fileRef = D21ACB921726868A00E2F8EC /* CompletionHandler.m */; };
		D21ACBA91726868A00E2F8EC /* EditorService.m in Sources */ = {isa = PBXBuildFile; fileRef = D21ACB941726868A00E2F8EC /* EditorService.m */; };
		D21ACBAA1726868A00E2F8EC /* PlaceholderServices.m in Sources */ = {isa = PBXBuildFile; fileRef = D21ACB961726868A00E2F8EC /* PlaceholderServices.m */; };
		D21ACBAB1726868A00E2F8EC /* SyntaxHighlighter.m in Sources */ = {isa = PBXBuildFile; fileRef = D21ACB981726868A00E2F8EC /* SyntaxHighlighter.m */; };
		D21ACBAC1726868A00E2F8EC /* HighlightingTextView.m in Sources */ = {isa = PBXBuildFile; fileRef = D21ACB9A1726868A00E2F8EC /* HighlightingTextView.m */; };
		D21ACBAD1726868A00E2F8EC /* EditorPlaceholder.m in Sources */ = {isa = PBXBuildFile; fileRef = D21ACB9D1726868A00E2F8EC /* EditorPlaceholder.m */; };
		D21ACBAE1726868A00E2F8EC /* EditorPlaceholderCell.m in Sources */ = {isa = PBXBuildFile; fileRef = D21ACB9F1726868A00E2F8EC /* EditorPlaceholderCell.m */; };
		D21ACBB21726873900E2F8EC /* ExtendedPdf.m in Sources */ = {isa = PBXBuildFile; fileRef = D21ACBB11726873900E2F8EC /* ExtendedPdf.m */; };
		D21ACBB61726875600E2F8EC /* OutlineViewController.m in Sources */ = {isa = PBXBuildFile; fileRef = D21ACBB51726875600E2F8EC /* OutlineViewController.m */; };
		D21ACBBA1726876900E2F8EC /* NSString+LatexExtension.m in Sources */ = {isa = PBXBuildFile; fileRef = D21ACBB91726876900E2F8EC /* NSString+LatexExtension.m */; };
		D21ACBC31726879000E2F8EC /* CompletionsController.m in Sources */ = {isa = PBXBuildFile; fileRef = D21ACBBD1726879000E2F8EC /* CompletionsController.m */; };
		D21ACBC41726879000E2F8EC /* Constants.m in Sources */ = {isa = PBXBuildFile; fileRef = D21ACBBF1726879000E2F8EC /* Constants.m */; };
		D21ACBC51726879000E2F8EC /* PreferencesController.m in Sources */ = {isa = PBXBuildFile; fileRef = D21ACBC11726879000E2F8EC /* PreferencesController.m */; };
		D21ACBC61726879000E2F8EC /* PreferencesWindow.xib in Resources */ = {isa = PBXBuildFile; fileRef = D21ACBC21726879000E2F8EC /* PreferencesWindow.xib */; };
		D21ACBD51726889700E2F8EC /* ProjectDocument.m in Sources */ = {isa = PBXBuildFile; fileRef = D21ACBD01726889700E2F8EC /* ProjectDocument.m */; };
		D21ACBD61726889700E2F8EC /* ProjectDocument.xib in Resources */ = {isa = PBXBuildFile; fileRef = D21ACBD11726889700E2F8EC /* ProjectDocument.xib */; };
		D21ACBD71726889700E2F8EC /* SimpleDocument.m in Sources */ = {isa = PBXBuildFile; fileRef = D21ACBD31726889700E2F8EC /* SimpleDocument.m */; };
		D21ACBD81726889700E2F8EC /* SimpleDocument.xib in Resources */ = {isa = PBXBuildFile; fileRef = D21ACBD41726889700E2F8EC /* SimpleDocument.xib */; };
		D21ACBE61726892A00E2F8EC /* SourceCodePro-Black.ttf in CopyFiles */ = {isa = PBXBuildFile; fileRef = D21ACBDA172688B400E2F8EC /* SourceCodePro-Black.ttf */; };
		D21ACBE71726892A00E2F8EC /* SourceCodePro-Bold.ttf in CopyFiles */ = {isa = PBXBuildFile; fileRef = D21ACBDB172688B400E2F8EC /* SourceCodePro-Bold.ttf */; };
		D21ACBE81726892A00E2F8EC /* SourceCodePro-ExtraLight.ttf in CopyFiles */ = {isa = PBXBuildFile; fileRef = D21ACBDC172688B400E2F8EC /* SourceCodePro-ExtraLight.ttf */; };
		D21ACBE91726892A00E2F8EC /* SourceCodePro-Light.ttf in CopyFiles */ = {isa = PBXBuildFile; fileRef = D21ACBDD172688B400E2F8EC /* SourceCodePro-Light.ttf */; };
		D21ACBEA1726892A00E2F8EC /* SourceCodePro-Regular.ttf in CopyFiles */ = {isa = PBXBuildFile; fileRef = D21ACBDE172688B400E2F8EC /* SourceCodePro-Regular.ttf */; };
		D21ACBEB1726892A00E2F8EC /* SourceCodePro-Semibold.ttf in CopyFiles */ = {isa = PBXBuildFile; fileRef = D21ACBDF172688B400E2F8EC /* SourceCodePro-Semibold.ttf */; };
		D2A439EA171EF5130020C15F /* Quartz.framework in Frameworks */ = {isa = PBXBuildFile; fileRef = D2A439E9171EF5130020C15F /* Quartz.framework */; };
		D2A439F4171F10D60020C15F /* DocumentController.m in Sources */ = {isa = PBXBuildFile; fileRef = D2A439F3171F10D60020C15F /* DocumentController.m */; };
		D2B0F5B817202C9600B6BBC4 /* Model.xcdatamodeld in Sources */ = {isa = PBXBuildFile; fileRef = D2B0F5B617202C9600B6BBC4 /* Model.xcdatamodeld */; };
		D2CC54F4171EAFAB00D81CF1 /* Cocoa.framework in Frameworks */ = {isa = PBXBuildFile; fileRef = D2CC54F3171EAFAB00D81CF1 /* Cocoa.framework */; };
		D2CC54FE171EAFAB00D81CF1 /* InfoPlist.strings in Resources */ = {isa = PBXBuildFile; fileRef = D2CC54FC171EAFAB00D81CF1 /* InfoPlist.strings */; };
		D2CC5500171EAFAB00D81CF1 /* main.m in Sources */ = {isa = PBXBuildFile; fileRef = D2CC54FF171EAFAB00D81CF1 /* main.m */; };
		D2CC5504171EAFAB00D81CF1 /* Credits.rtf in Resources */ = {isa = PBXBuildFile; fileRef = D2CC5502171EAFAB00D81CF1 /* Credits.rtf */; };
		D2CC550D171EAFAB00D81CF1 /* MainMenu.xib in Resources */ = {isa = PBXBuildFile; fileRef = D2CC550B171EAFAB00D81CF1 /* MainMenu.xib */; };
		D2FD39B0171EC434008BB864 /* ApplicationController.m in Sources */ = {isa = PBXBuildFile; fileRef = D2FD39AF171EC434008BB864 /* ApplicationController.m */; };
/* End PBXBuildFile section */

/* Begin PBXCopyFilesBuildPhase section */
		D21ACB6717267A6B00E2F8EC /* CopyFiles */ = {
			isa = PBXCopyFilesBuildPhase;
			buildActionMask = 2147483647;
			dstPath = "";
			dstSubfolderSpec = 10;
			files = (
				D21ACB6817267A7C00E2F8EC /* Sparkle.framework in CopyFiles */,
			);
			runOnlyForDeploymentPostprocessing = 0;
		};
		D2CC5547171EB15500D81CF1 /* CopyFiles */ = {
			isa = PBXCopyFilesBuildPhase;
			buildActionMask = 2147483647;
			dstPath = Fonts;
			dstSubfolderSpec = 7;
			files = (
				D21ACBE61726892A00E2F8EC /* SourceCodePro-Black.ttf in CopyFiles */,
				D21ACBE71726892A00E2F8EC /* SourceCodePro-Bold.ttf in CopyFiles */,
				D21ACBE81726892A00E2F8EC /* SourceCodePro-ExtraLight.ttf in CopyFiles */,
				D21ACBE91726892A00E2F8EC /* SourceCodePro-Light.ttf in CopyFiles */,
				D21ACBEA1726892A00E2F8EC /* SourceCodePro-Regular.ttf in CopyFiles */,
				D21ACBEB1726892A00E2F8EC /* SourceCodePro-Semibold.ttf in CopyFiles */,
			);
			runOnlyForDeploymentPostprocessing = 0;
		};
/* End PBXCopyFilesBuildPhase section */

/* Begin PBXFileReference section */
		D21ACB5F17267A1700E2F8EC /* Sparkle.framework */ = {isa = PBXFileReference; lastKnownFileType = wrapper.framework; path = Sparkle.framework; sourceTree = "<group>"; };
		D21ACB6A17267C1100E2F8EC /* dsa_textended.pem */ = {isa = PBXFileReference; fileEncoding = 4; lastKnownFileType = text; path = dsa_textended.pem; sourceTree = "<group>"; };
		D21ACB731726855000E2F8EC /* appcast.xml */ = {isa = PBXFileReference; fileEncoding = 4; lastKnownFileType = text.xml; path = appcast.xml; sourceTree = "<group>"; };
		D21ACB751726855000E2F8EC /* dsa_pub.pem */ = {isa = PBXFileReference; fileEncoding = 4; lastKnownFileType = text; path = dsa_pub.pem; sourceTree = "<group>"; };
		D21ACB761726855000E2F8EC /* generate_keys.rb */ = {isa = PBXFileReference; fileEncoding = 4; lastKnownFileType = text.script.ruby; path = generate_keys.rb; sourceTree = "<group>"; };
		D21ACB771726855000E2F8EC /* sign_update.rb */ = {isa = PBXFileReference; fileEncoding = 4; lastKnownFileType = text.script.ruby; path = sign_update.rb; sourceTree = "<group>"; };
		D21ACB7D172685C100E2F8EC /* AppleDoc Snippets */ = {isa = PBXFileReference; lastKnownFileType = text; path = "AppleDoc Snippets"; sourceTree = "<group>"; };
		D21ACB7E172685C100E2F8EC /* AppledocSettings.plist */ = {isa = PBXFileReference; lastKnownFileType = text.plist.xml; path = AppledocSettings.plist; sourceTree = "<group>"; };
		D21ACB7F172685C100E2F8EC /* ReloadDocset.scpt */ = {isa = PBXFileReference; lastKnownFileType = file; path = ReloadDocset.scpt; sourceTree = "<group>"; };
		D21ACB821726868A00E2F8EC /* CommandCompletion.h */ = {isa = PBXFileReference; fileEncoding = 4; lastKnownFileType = sourcecode.c.h; path = CommandCompletion.h; sourceTree = "<group>"; };
		D21ACB831726868A00E2F8EC /* CommandCompletion.m */ = {isa = PBXFileReference; fileEncoding = 4; lastKnownFileType = sourcecode.c.objc; path = CommandCompletion.m; sourceTree = "<group>"; };
		D21ACB841726868A00E2F8EC /* CommandCompletions.plist */ = {isa = PBXFileReference; fileEncoding = 4; lastKnownFileType = text.plist.xml; path = CommandCompletions.plist; sourceTree = "<group>"; };
		D21ACB851726868A00E2F8EC /* Completion.h */ = {isa = PBXFileReference; fileEncoding = 4; lastKnownFileType = sourcecode.c.h; path = Completion.h; sourceTree = "<group>"; };
		D21ACB861726868A00E2F8EC /* Completion.m */ = {isa = PBXFileReference; fileEncoding = 4; lastKnownFileType = sourcecode.c.objc; path = Completion.m; sourceTree = "<group>"; };
		D21ACB871726868A00E2F8EC /* EnvironmentCompletion.h */ = {isa = PBXFileReference; fileEncoding = 4; lastKnownFileType = sourcecode.c.h; path = EnvironmentCompletion.h; sourceTree = "<group>"; };
		D21ACB881726868A00E2F8EC /* EnvironmentCompletion.m */ = {isa = PBXFileReference; fileEncoding = 4; lastKnownFileType = sourcecode.c.objc; path = EnvironmentCompletion.m; sourceTree = "<group>"; };
		D21ACB891726868A00E2F8EC /* EnvironmentCompletions.plist */ = {isa = PBXFileReference; fileEncoding = 4; lastKnownFileType = text.plist.xml; path = EnvironmentCompletions.plist; sourceTree = "<group>"; };
		D21ACB8B1726868A00E2F8EC /* BracketHighlighter.h */ = {isa = PBXFileReference; fileEncoding = 4; lastKnownFileType = sourcecode.c.h; path = BracketHighlighter.h; sourceTree = "<group>"; };
		D21ACB8C1726868A00E2F8EC /* BracketHighlighter.m */ = {isa = PBXFileReference; fileEncoding = 4; lastKnownFileType = sourcecode.c.objc; path = BracketHighlighter.m; sourceTree = "<group>"; };
		D21ACB8D1726868A00E2F8EC /* CodeExtensionEngine.h */ = {isa = PBXFileReference; fileEncoding = 4; lastKnownFileType = sourcecode.c.h; path = CodeExtensionEngine.h; sourceTree = "<group>"; };
		D21ACB8E1726868A00E2F8EC /* CodeExtensionEngine.m */ = {isa = PBXFileReference; fileEncoding = 4; lastKnownFileType = sourcecode.c.objc; path = CodeExtensionEngine.m; sourceTree = "<group>"; };
		D21ACB8F1726868A00E2F8EC /* CodeNavigationAssistant.h */ = {isa = PBXFileReference; fileEncoding = 4; lastKnownFileType = sourcecode.c.h; path = CodeNavigationAssistant.h; sourceTree = "<group>"; };
		D21ACB901726868A00E2F8EC /* CodeNavigationAssistant.m */ = {isa = PBXFileReference; fileEncoding = 4; lastKnownFileType = sourcecode.c.objc; path = CodeNavigationAssistant.m; sourceTree = "<group>"; };
		D21ACB911726868A00E2F8EC /* CompletionHandler.h */ = {isa = PBXFileReference; fileEncoding = 4; lastKnownFileType = sourcecode.c.h; path = CompletionHandler.h; sourceTree = "<group>"; };
		D21ACB921726868A00E2F8EC /* CompletionHandler.m */ = {isa = PBXFileReference; fileEncoding = 4; lastKnownFileType = sourcecode.c.objc; path = CompletionHandler.m; sourceTree = "<group>"; };
		D21ACB931726868A00E2F8EC /* EditorService.h */ = {isa = PBXFileReference; fileEncoding = 4; lastKnownFileType = sourcecode.c.h; path = EditorService.h; sourceTree = "<group>"; };
		D21ACB941726868A00E2F8EC /* EditorService.m */ = {isa = PBXFileReference; fileEncoding = 4; lastKnownFileType = sourcecode.c.objc; path = EditorService.m; sourceTree = "<group>"; };
		D21ACB951726868A00E2F8EC /* PlaceholderServices.h */ = {isa = PBXFileReference; fileEncoding = 4; lastKnownFileType = sourcecode.c.h; path = PlaceholderServices.h; sourceTree = "<group>"; };
		D21ACB961726868A00E2F8EC /* PlaceholderServices.m */ = {isa = PBXFileReference; fileEncoding = 4; lastKnownFileType = sourcecode.c.objc; path = PlaceholderServices.m; sourceTree = "<group>"; };
		D21ACB971726868A00E2F8EC /* SyntaxHighlighter.h */ = {isa = PBXFileReference; fileEncoding = 4; lastKnownFileType = sourcecode.c.h; path = SyntaxHighlighter.h; sourceTree = "<group>"; };
		D21ACB981726868A00E2F8EC /* SyntaxHighlighter.m */ = {isa = PBXFileReference; fileEncoding = 4; lastKnownFileType = sourcecode.c.objc; path = SyntaxHighlighter.m; sourceTree = "<group>"; };
		D21ACB991726868A00E2F8EC /* HighlightingTextView.h */ = {isa = PBXFileReference; fileEncoding = 4; lastKnownFileType = sourcecode.c.h; path = HighlightingTextView.h; sourceTree = "<group>"; };
		D21ACB9A1726868A00E2F8EC /* HighlightingTextView.m */ = {isa = PBXFileReference; fileEncoding = 4; lastKnownFileType = sourcecode.c.objc; path = HighlightingTextView.m; sourceTree = "<group>"; };
		D21ACB9C1726868A00E2F8EC /* EditorPlaceholder.h */ = {isa = PBXFileReference; fileEncoding = 4; lastKnownFileType = sourcecode.c.h; path = EditorPlaceholder.h; sourceTree = "<group>"; };
		D21ACB9D1726868A00E2F8EC /* EditorPlaceholder.m */ = {isa = PBXFileReference; fileEncoding = 4; lastKnownFileType = sourcecode.c.objc; path = EditorPlaceholder.m; sourceTree = "<group>"; };
		D21ACB9E1726868A00E2F8EC /* EditorPlaceholderCell.h */ = {isa = PBXFileReference; fileEncoding = 4; lastKnownFileType = sourcecode.c.h; path = EditorPlaceholderCell.h; sourceTree = "<group>"; };
		D21ACB9F1726868A00E2F8EC /* EditorPlaceholderCell.m */ = {isa = PBXFileReference; fileEncoding = 4; lastKnownFileType = sourcecode.c.objc; path = EditorPlaceholderCell.m; sourceTree = "<group>"; };
		D21ACBB01726873900E2F8EC /* ExtendedPdf.h */ = {isa = PBXFileReference; fileEncoding = 4; lastKnownFileType = sourcecode.c.h; path = ExtendedPdf.h; sourceTree = "<group>"; };
		D21ACBB11726873900E2F8EC /* ExtendedPdf.m */ = {isa = PBXFileReference; fileEncoding = 4; lastKnownFileType = sourcecode.c.objc; path = ExtendedPdf.m; sourceTree = "<group>"; };
		D21ACBB41726875600E2F8EC /* OutlineViewController.h */ = {isa = PBXFileReference; fileEncoding = 4; lastKnownFileType = sourcecode.c.h; path = OutlineViewController.h; sourceTree = "<group>"; };
		D21ACBB51726875600E2F8EC /* OutlineViewController.m */ = {isa = PBXFileReference; fileEncoding = 4; lastKnownFileType = sourcecode.c.objc; path = OutlineViewController.m; sourceTree = "<group>"; };
		D21ACBB81726876900E2F8EC /* NSString+LatexExtension.h */ = {isa = PBXFileReference; fileEncoding = 4; lastKnownFileType = sourcecode.c.h; path = "NSString+LatexExtension.h"; sourceTree = "<group>"; };
		D21ACBB91726876900E2F8EC /* NSString+LatexExtension.m */ = {isa = PBXFileReference; fileEncoding = 4; lastKnownFileType = sourcecode.c.objc; path = "NSString+LatexExtension.m"; sourceTree = "<group>"; };
		D21ACBBC1726879000E2F8EC /* CompletionsController.h */ = {isa = PBXFileReference; fileEncoding = 4; lastKnownFileType = sourcecode.c.h; path = CompletionsController.h; sourceTree = "<group>"; };
		D21ACBBD1726879000E2F8EC /* CompletionsController.m */ = {isa = PBXFileReference; fileEncoding = 4; lastKnownFileType = sourcecode.c.objc; path = CompletionsController.m; sourceTree = "<group>"; };
		D21ACBBE1726879000E2F8EC /* Constants.h */ = {isa = PBXFileReference; fileEncoding = 4; lastKnownFileType = sourcecode.c.h; path = Constants.h; sourceTree = "<group>"; };
		D21ACBBF1726879000E2F8EC /* Constants.m */ = {isa = PBXFileReference; fileEncoding = 4; lastKnownFileType = sourcecode.c.objc; path = Constants.m; sourceTree = "<group>"; };
		D21ACBC01726879000E2F8EC /* PreferencesController.h */ = {isa = PBXFileReference; fileEncoding = 4; lastKnownFileType = sourcecode.c.h; path = PreferencesController.h; sourceTree = "<group>"; };
		D21ACBC11726879000E2F8EC /* PreferencesController.m */ = {isa = PBXFileReference; fileEncoding = 4; lastKnownFileType = sourcecode.c.objc; path = PreferencesController.m; sourceTree = "<group>"; };
		D21ACBC21726879000E2F8EC /* PreferencesWindow.xib */ = {isa = PBXFileReference; fileEncoding = 4; lastKnownFileType = file.xib; path = PreferencesWindow.xib; sourceTree = "<group>"; };
		D21ACBCF1726889700E2F8EC /* ProjectDocument.h */ = {isa = PBXFileReference; fileEncoding = 4; lastKnownFileType = sourcecode.c.h; path = ProjectDocument.h; sourceTree = "<group>"; };
		D21ACBD01726889700E2F8EC /* ProjectDocument.m */ = {isa = PBXFileReference; fileEncoding = 4; lastKnownFileType = sourcecode.c.objc; path = ProjectDocument.m; sourceTree = "<group>"; };
		D21ACBD11726889700E2F8EC /* ProjectDocument.xib */ = {isa = PBXFileReference; fileEncoding = 4; lastKnownFileType = file.xib; path = ProjectDocument.xib; sourceTree = "<group>"; };
		D21ACBD21726889700E2F8EC /* SimpleDocument.h */ = {isa = PBXFileReference; fileEncoding = 4; lastKnownFileType = sourcecode.c.h; path = SimpleDocument.h; sourceTree = "<group>"; };
		D21ACBD31726889700E2F8EC /* SimpleDocument.m */ = {isa = PBXFileReference; fileEncoding = 4; lastKnownFileType = sourcecode.c.objc; path = SimpleDocument.m; sourceTree = "<group>"; };
		D21ACBD41726889700E2F8EC /* SimpleDocument.xib */ = {isa = PBXFileReference; fileEncoding = 4; lastKnownFileType = file.xib; path = SimpleDocument.xib; sourceTree = "<group>"; };
		D21ACBDA172688B400E2F8EC /* SourceCodePro-Black.ttf */ = {isa = PBXFileReference; lastKnownFileType = file; path = "SourceCodePro-Black.ttf"; sourceTree = "<group>"; };
		D21ACBDB172688B400E2F8EC /* SourceCodePro-Bold.ttf */ = {isa = PBXFileReference; lastKnownFileType = file; path = "SourceCodePro-Bold.ttf"; sourceTree = "<group>"; };
		D21ACBDC172688B400E2F8EC /* SourceCodePro-ExtraLight.ttf */ = {isa = PBXFileReference; lastKnownFileType = file; path = "SourceCodePro-ExtraLight.ttf"; sourceTree = "<group>"; };
		D21ACBDD172688B400E2F8EC /* SourceCodePro-Light.ttf */ = {isa = PBXFileReference; lastKnownFileType = file; path = "SourceCodePro-Light.ttf"; sourceTree = "<group>"; };
		D21ACBDE172688B400E2F8EC /* SourceCodePro-Regular.ttf */ = {isa = PBXFileReference; lastKnownFileType = file; path = "SourceCodePro-Regular.ttf"; sourceTree = "<group>"; };
		D21ACBDF172688B400E2F8EC /* SourceCodePro-Semibold.ttf */ = {isa = PBXFileReference; lastKnownFileType = file; path = "SourceCodePro-Semibold.ttf"; sourceTree = "<group>"; };
		D2A439E9171EF5130020C15F /* Quartz.framework */ = {isa = PBXFileReference; lastKnownFileType = wrapper.framework; name = Quartz.framework; path = System/Library/Frameworks/Quartz.framework; sourceTree = SDKROOT; };
		D2A439F2171F10D60020C15F /* DocumentController.h */ = {isa = PBXFileReference; fileEncoding = 4; lastKnownFileType = sourcecode.c.h; path = DocumentController.h; sourceTree = "<group>"; };
		D2A439F3171F10D60020C15F /* DocumentController.m */ = {isa = PBXFileReference; fileEncoding = 4; lastKnownFileType = sourcecode.c.objc; path = DocumentController.m; sourceTree = "<group>"; };
		D2B0F5B717202C9600B6BBC4 /* Model.xcdatamodel */ = {isa = PBXFileReference; lastKnownFileType = wrapper.xcdatamodel; path = Model.xcdatamodel; sourceTree = "<group>"; };
		D2CC54F0171EAFAB00D81CF1 /* TeXtended.app */ = {isa = PBXFileReference; explicitFileType = wrapper.application; includeInIndex = 0; path = TeXtended.app; sourceTree = BUILT_PRODUCTS_DIR; };
		D2CC54F3171EAFAB00D81CF1 /* Cocoa.framework */ = {isa = PBXFileReference; lastKnownFileType = wrapper.framework; name = Cocoa.framework; path = System/Library/Frameworks/Cocoa.framework; sourceTree = SDKROOT; };
		D2CC54F6171EAFAB00D81CF1 /* AppKit.framework */ = {isa = PBXFileReference; lastKnownFileType = wrapper.framework; name = AppKit.framework; path = System/Library/Frameworks/AppKit.framework; sourceTree = SDKROOT; };
		D2CC54F7171EAFAB00D81CF1 /* CoreData.framework */ = {isa = PBXFileReference; lastKnownFileType = wrapper.framework; name = CoreData.framework; path = System/Library/Frameworks/CoreData.framework; sourceTree = SDKROOT; };
		D2CC54F8171EAFAB00D81CF1 /* Foundation.framework */ = {isa = PBXFileReference; lastKnownFileType = wrapper.framework; name = Foundation.framework; path = System/Library/Frameworks/Foundation.framework; sourceTree = SDKROOT; };
		D2CC54FB171EAFAB00D81CF1 /* TeXtended-Info.plist */ = {isa = PBXFileReference; lastKnownFileType = text.plist.xml; path = "TeXtended-Info.plist"; sourceTree = "<group>"; };
		D2CC54FD171EAFAB00D81CF1 /* en */ = {isa = PBXFileReference; lastKnownFileType = text.plist.strings; name = en; path = en.lproj/InfoPlist.strings; sourceTree = "<group>"; };
		D2CC54FF171EAFAB00D81CF1 /* main.m */ = {isa = PBXFileReference; lastKnownFileType = sourcecode.c.objc; path = main.m; sourceTree = "<group>"; };
		D2CC5501171EAFAB00D81CF1 /* TeXtended-Prefix.pch */ = {isa = PBXFileReference; lastKnownFileType = sourcecode.c.h; path = "TeXtended-Prefix.pch"; sourceTree = "<group>"; };
		D2CC5503171EAFAB00D81CF1 /* en */ = {isa = PBXFileReference; lastKnownFileType = text.rtf; name = en; path = en.lproj/Credits.rtf; sourceTree = "<group>"; };
		D2CC550C171EAFAB00D81CF1 /* en */ = {isa = PBXFileReference; lastKnownFileType = file.xib; name = en; path = en.lproj/MainMenu.xib; sourceTree = "<group>"; };
		D2FD39AE171EC434008BB864 /* ApplicationController.h */ = {isa = PBXFileReference; fileEncoding = 4; lastKnownFileType = sourcecode.c.h; path = ApplicationController.h; sourceTree = "<group>"; };
		D2FD39AF171EC434008BB864 /* ApplicationController.m */ = {isa = PBXFileReference; fileEncoding = 4; lastKnownFileType = sourcecode.c.objc; path = ApplicationController.m; sourceTree = "<group>"; };
/* End PBXFileReference section */

/* Begin PBXFrameworksBuildPhase section */
		D2CC54ED171EAFAB00D81CF1 /* Frameworks */ = {
			isa = PBXFrameworksBuildPhase;
			buildActionMask = 2147483647;
			files = (
				D2A439EA171EF5130020C15F /* Quartz.framework in Frameworks */,
				D2CC54F4171EAFAB00D81CF1 /* Cocoa.framework in Frameworks */,
				D21ACB6017267A1700E2F8EC /* Sparkle.framework in Frameworks */,
			);
			runOnlyForDeploymentPostprocessing = 0;
		};
/* End PBXFrameworksBuildPhase section */

/* Begin PBXGroup section */
		D21ACB6917267BFD00E2F8EC /* Resources */ = {
			isa = PBXGroup;
			children = (
				D21ACB6A17267C1100E2F8EC /* dsa_textended.pem */,
			);
			name = Resources;
			sourceTree = "<group>";
		};
		D21ACB721726855000E2F8EC /* Sparkle */ = {
			isa = PBXGroup;
			children = (
				D21ACB731726855000E2F8EC /* appcast.xml */,
				D21ACB741726855000E2F8EC /* Signing Tools */,
			);
			path = Sparkle;
			sourceTree = "<group>";
		};
		D21ACB741726855000E2F8EC /* Signing Tools */ = {
			isa = PBXGroup;
			children = (
				D21ACB751726855000E2F8EC /* dsa_pub.pem */,
				D21ACB761726855000E2F8EC /* generate_keys.rb */,
				D21ACB771726855000E2F8EC /* sign_update.rb */,
			);
			path = "Signing Tools";
			sourceTree = "<group>";
		};
		D21ACB7C172685C100E2F8EC /* Development */ = {
			isa = PBXGroup;
			children = (
				D21ACB7D172685C100E2F8EC /* AppleDoc Snippets */,
				D21ACB7E172685C100E2F8EC /* AppledocSettings.plist */,
				D21ACB7F172685C100E2F8EC /* ReloadDocset.scpt */,
			);
			path = Development;
			sourceTree = "<group>";
		};
		D21ACB801726868A00E2F8EC /* Editor */ = {
			isa = PBXGroup;
			children = (
				D21ACB811726868A00E2F8EC /* AutoCompletion */,
				D21ACB8A1726868A00E2F8EC /* EditorServices */,
				D21ACB991726868A00E2F8EC /* HighlightingTextView.h */,
				D21ACB9A1726868A00E2F8EC /* HighlightingTextView.m */,
				D21ACB9B1726868A00E2F8EC /* Placeholder */,
			);
			path = Editor;
			sourceTree = "<group>";
		};
		D21ACB811726868A00E2F8EC /* AutoCompletion */ = {
			isa = PBXGroup;
			children = (
				D21ACB821726868A00E2F8EC /* CommandCompletion.h */,
				D21ACB831726868A00E2F8EC /* CommandCompletion.m */,
				D21ACB841726868A00E2F8EC /* CommandCompletions.plist */,
				D21ACB851726868A00E2F8EC /* Completion.h */,
				D21ACB861726868A00E2F8EC /* Completion.m */,
				D21ACB871726868A00E2F8EC /* EnvironmentCompletion.h */,
				D21ACB881726868A00E2F8EC /* EnvironmentCompletion.m */,
				D21ACB891726868A00E2F8EC /* EnvironmentCompletions.plist */,
			);
			path = AutoCompletion;
			sourceTree = "<group>";
		};
		D21ACB8A1726868A00E2F8EC /* EditorServices */ = {
			isa = PBXGroup;
			children = (
				D21ACB8B1726868A00E2F8EC /* BracketHighlighter.h */,
				D21ACB8C1726868A00E2F8EC /* BracketHighlighter.m */,
				D21ACB8D1726868A00E2F8EC /* CodeExtensionEngine.h */,
				D21ACB8E1726868A00E2F8EC /* CodeExtensionEngine.m */,
				D21ACB8F1726868A00E2F8EC /* CodeNavigationAssistant.h */,
				D21ACB901726868A00E2F8EC /* CodeNavigationAssistant.m */,
				D21ACB911726868A00E2F8EC /* CompletionHandler.h */,
				D21ACB921726868A00E2F8EC /* CompletionHandler.m */,
				D21ACB931726868A00E2F8EC /* EditorService.h */,
				D21ACB941726868A00E2F8EC /* EditorService.m */,
				D21ACB951726868A00E2F8EC /* PlaceholderServices.h */,
				D21ACB961726868A00E2F8EC /* PlaceholderServices.m */,
				D21ACB971726868A00E2F8EC /* SyntaxHighlighter.h */,
				D21ACB981726868A00E2F8EC /* SyntaxHighlighter.m */,
			);
			path = EditorServices;
			sourceTree = "<group>";
		};
		D21ACB9B1726868A00E2F8EC /* Placeholder */ = {
			isa = PBXGroup;
			children = (
				D21ACB9C1726868A00E2F8EC /* EditorPlaceholder.h */,
				D21ACB9D1726868A00E2F8EC /* EditorPlaceholder.m */,
				D21ACB9E1726868A00E2F8EC /* EditorPlaceholderCell.h */,
				D21ACB9F1726868A00E2F8EC /* EditorPlaceholderCell.m */,
			);
			path = Placeholder;
			sourceTree = "<group>";
		};
		D21ACBAF1726873900E2F8EC /* PDFView */ = {
			isa = PBXGroup;
			children = (
				D21ACBB01726873900E2F8EC /* ExtendedPdf.h */,
				D21ACBB11726873900E2F8EC /* ExtendedPdf.m */,
			);
			path = PDFView;
			sourceTree = "<group>";
		};
		D21ACBB31726875600E2F8EC /* FileViewer */ = {
			isa = PBXGroup;
			children = (
				D21ACBB41726875600E2F8EC /* OutlineViewController.h */,
				D21ACBB51726875600E2F8EC /* OutlineViewController.m */,
			);
			path = FileViewer;
			sourceTree = "<group>";
		};
		D21ACBB71726876900E2F8EC /* Categories */ = {
			isa = PBXGroup;
			children = (
				D21ACBB81726876900E2F8EC /* NSString+LatexExtension.h */,
				D21ACBB91726876900E2F8EC /* NSString+LatexExtension.m */,
			);
			path = Categories;
			sourceTree = "<group>";
		};
		D21ACBBB1726879000E2F8EC /* Preferences */ = {
			isa = PBXGroup;
			children = (
				D21ACBBC1726879000E2F8EC /* CompletionsController.h */,
				D21ACBBD1726879000E2F8EC /* CompletionsController.m */,
				D21ACBBE1726879000E2F8EC /* Constants.h */,
				D21ACBBF1726879000E2F8EC /* Constants.m */,
				D21ACBC01726879000E2F8EC /* PreferencesController.h */,
				D21ACBC11726879000E2F8EC /* PreferencesController.m */,
				D21ACBC21726879000E2F8EC /* PreferencesWindow.xib */,
			);
			path = Preferences;
			sourceTree = "<group>";
		};
		D21ACBCE1726889700E2F8EC /* Documents */ = {
			isa = PBXGroup;
			children = (
				D21ACBCF1726889700E2F8EC /* ProjectDocument.h */,
				D21ACBD01726889700E2F8EC /* ProjectDocument.m */,
				D21ACBD11726889700E2F8EC /* ProjectDocument.xib */,
				D21ACBD21726889700E2F8EC /* SimpleDocument.h */,
				D21ACBD31726889700E2F8EC /* SimpleDocument.m */,
				D21ACBD41726889700E2F8EC /* SimpleDocument.xib */,
			);
			path = Documents;
			sourceTree = "<group>";
		};
		D21ACBD9172688B400E2F8EC /* Fonts */ = {
			isa = PBXGroup;
			children = (
				D21ACBDA172688B400E2F8EC /* SourceCodePro-Black.ttf */,
				D21ACBDB172688B400E2F8EC /* SourceCodePro-Bold.ttf */,
				D21ACBDC172688B400E2F8EC /* SourceCodePro-ExtraLight.ttf */,
				D21ACBDD172688B400E2F8EC /* SourceCodePro-Light.ttf */,
				D21ACBDE172688B400E2F8EC /* SourceCodePro-Regular.ttf */,
				D21ACBDF172688B400E2F8EC /* SourceCodePro-Semibold.ttf */,
			);
			path = Fonts;
			sourceTree = "<group>";
		};
		D2CC54E7171EAFAB00D81CF1 = {
			isa = PBXGroup;
			children = (
				D2CC54F9171EAFAB00D81CF1 /* TeXtended */,
				D2CC54F2171EAFAB00D81CF1 /* Frameworks */,
				D2CC54F1171EAFAB00D81CF1 /* Products */,
			);
			sourceTree = "<group>";
		};
		D2CC54F1171EAFAB00D81CF1 /* Products */ = {
			isa = PBXGroup;
			children = (
				D2CC54F0171EAFAB00D81CF1 /* TeXtended.app */,
			);
			name = Products;
			sourceTree = "<group>";
		};
		D2CC54F2171EAFAB00D81CF1 /* Frameworks */ = {
			isa = PBXGroup;
			children = (
				D21ACB5F17267A1700E2F8EC /* Sparkle.framework */,
				D2A439E9171EF5130020C15F /* Quartz.framework */,
				D2CC54F3171EAFAB00D81CF1 /* Cocoa.framework */,
				D2CC54F5171EAFAB00D81CF1 /* Other Frameworks */,
			);
			name = Frameworks;
			sourceTree = "<group>";
		};
		D2CC54F5171EAFAB00D81CF1 /* Other Frameworks */ = {
			isa = PBXGroup;
			children = (
				D2CC54F6171EAFAB00D81CF1 /* AppKit.framework */,
				D2CC54F7171EAFAB00D81CF1 /* CoreData.framework */,
				D2CC54F8171EAFAB00D81CF1 /* Foundation.framework */,
			);
			name = "Other Frameworks";
			sourceTree = "<group>";
		};
		D2CC54F9171EAFAB00D81CF1 /* TeXtended */ = {
			isa = PBXGroup;
			children = (
				D2FD39AE171EC434008BB864 /* ApplicationController.h */,
				D2FD39AF171EC434008BB864 /* ApplicationController.m */,
				D2A439F2171F10D60020C15F /* DocumentController.h */,
				D2A439F3171F10D60020C15F /* DocumentController.m */,
				D2CC550B171EAFAB00D81CF1 /* MainMenu.xib */,
				D21ACBB71726876900E2F8EC /* Categories */,
				D21ACB801726868A00E2F8EC /* Editor */,
				D21ACBCE1726889700E2F8EC /* Documents */,
				D21ACBB31726875600E2F8EC /* FileViewer */,
				D21ACBAF1726873900E2F8EC /* PDFView */,
				D21ACBBB1726879000E2F8EC /* Preferences */,
				D2CC54FA171EAFAB00D81CF1 /* Supporting Files */,
				D2B0F5B617202C9600B6BBC4 /* Model.xcdatamodeld */,
				D21ACB6917267BFD00E2F8EC /* Resources */,
			);
			path = TeXtended;
			sourceTree = "<group>";
		};
		D2CC54FA171EAFAB00D81CF1 /* Supporting Files */ = {
			isa = PBXGroup;
			children = (
				D21ACB7C172685C100E2F8EC /* Development */,
				D21ACB721726855000E2F8EC /* Sparkle */,
				D2CC54FB171EAFAB00D81CF1 /* TeXtended-Info.plist */,
				D21ACBD9172688B400E2F8EC /* Fonts */,
				D2CC54FC171EAFAB00D81CF1 /* InfoPlist.strings */,
				D2CC54FF171EAFAB00D81CF1 /* main.m */,
				D2CC5501171EAFAB00D81CF1 /* TeXtended-Prefix.pch */,
				D2CC5502171EAFAB00D81CF1 /* Credits.rtf */,
			);
			name = "Supporting Files";
			sourceTree = "<group>";
		};
/* End PBXGroup section */

/* Begin PBXNativeTarget section */
		D2CC54EF171EAFAB00D81CF1 /* TeXtended */ = {
			isa = PBXNativeTarget;
			buildConfigurationList = D2CC5510171EAFAB00D81CF1 /* Build configuration list for PBXNativeTarget "TeXtended" */;
			buildPhases = (
				D2CC54EC171EAFAB00D81CF1 /* Sources */,
				D2CC54ED171EAFAB00D81CF1 /* Frameworks */,
				D2CC54EE171EAFAB00D81CF1 /* Resources */,
				D2CC5547171EB15500D81CF1 /* CopyFiles */,
				D21ACB6717267A6B00E2F8EC /* CopyFiles */,
			);
			buildRules = (
			);
			dependencies = (
			);
			name = TeXtended;
			productName = TeXtended;
			productReference = D2CC54F0171EAFAB00D81CF1 /* TeXtended.app */;
			productType = "com.apple.product-type.application";
		};
/* End PBXNativeTarget section */

/* Begin PBXProject section */
		D2CC54E8171EAFAB00D81CF1 /* Project object */ = {
			isa = PBXProject;
			attributes = {
				LastUpgradeCheck = 0460;
				ORGANIZATIONNAME = "Tobias Mende";
			};
			buildConfigurationList = D2CC54EB171EAFAB00D81CF1 /* Build configuration list for PBXProject "TeXtended" */;
			compatibilityVersion = "Xcode 3.2";
			developmentRegion = English;
			hasScannedForEncodings = 0;
			knownRegions = (
				en,
			);
			mainGroup = D2CC54E7171EAFAB00D81CF1;
			productRefGroup = D2CC54F1171EAFAB00D81CF1 /* Products */;
			projectDirPath = "";
			projectRoot = "";
			targets = (
				D2CC54EF171EAFAB00D81CF1 /* TeXtended */,
				D21F376E171EC03700F961D6 /* Documentation */,
			);
		};
/* End PBXProject section */

/* Begin PBXResourcesBuildPhase section */
		D2CC54EE171EAFAB00D81CF1 /* Resources */ = {
			isa = PBXResourcesBuildPhase;
			buildActionMask = 2147483647;
			files = (
				D2CC54FE171EAFAB00D81CF1 /* InfoPlist.strings in Resources */,
				D2CC5504171EAFAB00D81CF1 /* Credits.rtf in Resources */,
				D2CC550D171EAFAB00D81CF1 /* MainMenu.xib in Resources */,
				D21ACB6B17267C1100E2F8EC /* dsa_textended.pem in Resources */,
				D21ACBA11726868A00E2F8EC /* CommandCompletions.plist in Resources */,
				D21ACBA41726868A00E2F8EC /* EnvironmentCompletions.plist in Resources */,
				D21ACBC61726879000E2F8EC /* PreferencesWindow.xib in Resources */,
				D21ACBD61726889700E2F8EC /* ProjectDocument.xib in Resources */,
				D21ACBD81726889700E2F8EC /* SimpleDocument.xib in Resources */,
			);
			runOnlyForDeploymentPostprocessing = 0;
		};
/* End PBXResourcesBuildPhase section */

/* Begin PBXShellScriptBuildPhase section */
		D21F3772171EC04000F961D6 /* ShellScript */ = {
			isa = PBXShellScriptBuildPhase;
			buildActionMask = 2147483647;
			files = (
			);
			inputPaths = (
			);
			outputPaths = (
			);
			runOnlyForDeploymentPostprocessing = 0;
			shellPath = /bin/sh;
			shellScript = "# Build an Xcode documentation\n/usr/local/bin/appledoc \"$SOURCE_ROOT/$PROJECT_NAME\"\n# Add documentation to Xcode\nosascript \"$SOURCE_ROOT/$PROJECT_NAME/Development/ReloadDocset.scpt\"";
		};
/* End PBXShellScriptBuildPhase section */

/* Begin PBXSourcesBuildPhase section */
		D2CC54EC171EAFAB00D81CF1 /* Sources */ = {
			isa = PBXSourcesBuildPhase;
			buildActionMask = 2147483647;
			files = (
				D2CC5500171EAFAB00D81CF1 /* main.m in Sources */,
				D2FD39B0171EC434008BB864 /* ApplicationController.m in Sources */,
				D2A439F4171F10D60020C15F /* DocumentController.m in Sources */,
				D2B0F5B817202C9600B6BBC4 /* Model.xcdatamodeld in Sources */,
				D21ACBA01726868A00E2F8EC /* CommandCompletion.m in Sources */,
				D21ACBA21726868A00E2F8EC /* Completion.m in Sources */,
				D21ACBA31726868A00E2F8EC /* EnvironmentCompletion.m in Sources */,
				D21ACBA51726868A00E2F8EC /* BracketHighlighter.m in Sources */,
				D21ACBA61726868A00E2F8EC /* CodeExtensionEngine.m in Sources */,
				D21ACBA71726868A00E2F8EC /* CodeNavigationAssistant.m in Sources */,
				D21ACBA81726868A00E2F8EC /* CompletionHandler.m in Sources */,
				D21ACBA91726868A00E2F8EC /* EditorService.m in Sources */,
				D21ACBAA1726868A00E2F8EC /* PlaceholderServices.m in Sources */,
				D21ACBAB1726868A00E2F8EC /* SyntaxHighlighter.m in Sources */,
				D21ACBAC1726868A00E2F8EC /* HighlightingTextView.m in Sources */,
				D21ACBAD1726868A00E2F8EC /* EditorPlaceholder.m in Sources */,
				D21ACBAE1726868A00E2F8EC /* EditorPlaceholderCell.m in Sources */,
				D21ACBB21726873900E2F8EC /* ExtendedPdf.m in Sources */,
				D21ACBB61726875600E2F8EC /* OutlineViewController.m in Sources */,
				D21ACBBA1726876900E2F8EC /* NSString+LatexExtension.m in Sources */,
				D21ACBC31726879000E2F8EC /* CompletionsController.m in Sources */,
				D21ACBC41726879000E2F8EC /* Constants.m in Sources */,
				D21ACBC51726879000E2F8EC /* PreferencesController.m in Sources */,
				D21ACBD51726889700E2F8EC /* ProjectDocument.m in Sources */,
				D21ACBD71726889700E2F8EC /* SimpleDocument.m in Sources */,
			);
			runOnlyForDeploymentPostprocessing = 0;
		};
/* End PBXSourcesBuildPhase section */

/* Begin PBXVariantGroup section */
		D2CC54FC171EAFAB00D81CF1 /* InfoPlist.strings */ = {
			isa = PBXVariantGroup;
			children = (
				D2CC54FD171EAFAB00D81CF1 /* en */,
			);
			name = InfoPlist.strings;
			sourceTree = "<group>";
		};
		D2CC5502171EAFAB00D81CF1 /* Credits.rtf */ = {
			isa = PBXVariantGroup;
			children = (
				D2CC5503171EAFAB00D81CF1 /* en */,
			);
			name = Credits.rtf;
			sourceTree = "<group>";
		};
		D2CC550B171EAFAB00D81CF1 /* MainMenu.xib */ = {
			isa = PBXVariantGroup;
			children = (
				D2CC550C171EAFAB00D81CF1 /* en */,
			);
			name = MainMenu.xib;
			sourceTree = "<group>";
		};
/* End PBXVariantGroup section */

/* Begin XCBuildConfiguration section */
		D21F3770171EC03700F961D6 /* Debug */ = {
			isa = XCBuildConfiguration;
			buildSettings = {
				COMBINE_HIDPI_IMAGES = YES;
				PRODUCT_NAME = "$(TARGET_NAME)";
			};
			name = Debug;
		};
		D21F3771171EC03700F961D6 /* Release */ = {
			isa = XCBuildConfiguration;
			buildSettings = {
				COMBINE_HIDPI_IMAGES = YES;
				PRODUCT_NAME = "$(TARGET_NAME)";
			};
			name = Release;
		};
		D2CC550E171EAFAB00D81CF1 /* Debug */ = {
			isa = XCBuildConfiguration;
			buildSettings = {
				ALWAYS_SEARCH_USER_PATHS = NO;
				ARCHS = "$(ARCHS_STANDARD_64_BIT)";
				CLANG_CXX_LANGUAGE_STANDARD = "gnu++0x";
				CLANG_CXX_LIBRARY = "libc++";
				CLANG_ENABLE_OBJC_ARC = YES;
				CLANG_WARN_CONSTANT_CONVERSION = YES;
				CLANG_WARN_EMPTY_BODY = YES;
				CLANG_WARN_ENUM_CONVERSION = YES;
				CLANG_WARN_INT_CONVERSION = YES;
				CLANG_WARN__DUPLICATE_METHOD_MATCH = YES;
				COPY_PHASE_STRIP = NO;
				GCC_C_LANGUAGE_STANDARD = gnu99;
				GCC_DYNAMIC_NO_PIC = NO;
				GCC_ENABLE_OBJC_EXCEPTIONS = YES;
				GCC_OPTIMIZATION_LEVEL = 0;
				GCC_PREPROCESSOR_DEFINITIONS = (
					"DEBUG=1",
					"$(inherited)",
				);
				GCC_SYMBOLS_PRIVATE_EXTERN = NO;
				GCC_WARN_64_TO_32_BIT_CONVERSION = YES;
				GCC_WARN_ABOUT_RETURN_TYPE = YES;
				GCC_WARN_UNINITIALIZED_AUTOS = YES;
				GCC_WARN_UNUSED_VARIABLE = YES;
				MACOSX_DEPLOYMENT_TARGET = 10.8;
				ONLY_ACTIVE_ARCH = YES;
				SDKROOT = macosx;
			};
			name = Debug;
		};
		D2CC550F171EAFAB00D81CF1 /* Release */ = {
			isa = XCBuildConfiguration;
			buildSettings = {
				ALWAYS_SEARCH_USER_PATHS = NO;
				ARCHS = "$(ARCHS_STANDARD_64_BIT)";
				CLANG_CXX_LANGUAGE_STANDARD = "gnu++0x";
				CLANG_CXX_LIBRARY = "libc++";
				CLANG_ENABLE_OBJC_ARC = YES;
				CLANG_WARN_CONSTANT_CONVERSION = YES;
				CLANG_WARN_EMPTY_BODY = YES;
				CLANG_WARN_ENUM_CONVERSION = YES;
				CLANG_WARN_INT_CONVERSION = YES;
				CLANG_WARN__DUPLICATE_METHOD_MATCH = YES;
				COPY_PHASE_STRIP = YES;
				DEBUG_INFORMATION_FORMAT = "dwarf-with-dsym";
				GCC_C_LANGUAGE_STANDARD = gnu99;
				GCC_ENABLE_OBJC_EXCEPTIONS = YES;
				GCC_WARN_64_TO_32_BIT_CONVERSION = YES;
				GCC_WARN_ABOUT_RETURN_TYPE = YES;
				GCC_WARN_UNINITIALIZED_AUTOS = YES;
				GCC_WARN_UNUSED_VARIABLE = YES;
				MACOSX_DEPLOYMENT_TARGET = 10.8;
				SDKROOT = macosx;
			};
			name = Release;
		};
		D2CC5511171EAFAB00D81CF1 /* Debug */ = {
			isa = XCBuildConfiguration;
			buildSettings = {
				COMBINE_HIDPI_IMAGES = YES;
				FRAMEWORK_SEARCH_PATHS = (
					"$(inherited)",
					"\"$(SRCROOT)\"",
				);
				GCC_PRECOMPILE_PREFIX_HEADER = YES;
				GCC_PREFIX_HEADER = "TeXtended/TeXtended-Prefix.pch";
				INFOPLIST_FILE = "TeXtended/TeXtended-Info.plist";
				PRODUCT_NAME = "$(TARGET_NAME)";
				WRAPPER_EXTENSION = app;
			};
			name = Debug;
		};
		D2CC5512171EAFAB00D81CF1 /* Release */ = {
			isa = XCBuildConfiguration;
			buildSettings = {
				COMBINE_HIDPI_IMAGES = YES;
				FRAMEWORK_SEARCH_PATHS = (
					"$(inherited)",
					"\"$(SRCROOT)\"",
				);
				GCC_PRECOMPILE_PREFIX_HEADER = YES;
				GCC_PREFIX_HEADER = "TeXtended/TeXtended-Prefix.pch";
				INFOPLIST_FILE = "TeXtended/TeXtended-Info.plist";
				PRODUCT_NAME = "$(TARGET_NAME)";
				WRAPPER_EXTENSION = app;
			};
			name = Release;
		};
/* End XCBuildConfiguration section */

/* Begin XCConfigurationList section */
		D21F376F171EC03700F961D6 /* Build configuration list for PBXAggregateTarget "Documentation" */ = {
			isa = XCConfigurationList;
			buildConfigurations = (
				D21F3770171EC03700F961D6 /* Debug */,
				D21F3771171EC03700F961D6 /* Release */,
			);
			defaultConfigurationIsVisible = 0;
			defaultConfigurationName = Release;
		};
		D2CC54EB171EAFAB00D81CF1 /* Build configuration list for PBXProject "TeXtended" */ = {
			isa = XCConfigurationList;
			buildConfigurations = (
				D2CC550E171EAFAB00D81CF1 /* Debug */,
				D2CC550F171EAFAB00D81CF1 /* Release */,
			);
			defaultConfigurationIsVisible = 0;
			defaultConfigurationName = Release;
		};
		D2CC5510171EAFAB00D81CF1 /* Build configuration list for PBXNativeTarget "TeXtended" */ = {
			isa = XCConfigurationList;
			buildConfigurations = (
				D2CC5511171EAFAB00D81CF1 /* Debug */,
				D2CC5512171EAFAB00D81CF1 /* Release */,
			);
			defaultConfigurationIsVisible = 0;
			defaultConfigurationName = Release;
		};
/* End XCConfigurationList section */

/* Begin XCVersionGroup section */
		D2B0F5B617202C9600B6BBC4 /* Model.xcdatamodeld */ = {
			isa = XCVersionGroup;
			children = (
				D2B0F5B717202C9600B6BBC4 /* Model.xcdatamodel */,
			);
			currentVersion = D2B0F5B717202C9600B6BBC4 /* Model.xcdatamodel */;
			path = Model.xcdatamodeld;
			sourceTree = "<group>";
			versionGroupType = wrapper.xcdatamodel;
		};
/* End XCVersionGroup section */
	};
	rootObject = D2CC54E8171EAFAB00D81CF1 /* Project object */;
}
