// !$*UTF8*$!
{
	archiveVersion = 1;
	classes = {
	};
	objectVersion = 46;
	objects = {

/* Begin PBXBuildFile section */
		D289EF1817101A4200C0F4BF /* Cocoa.framework in Frameworks */ = {isa = PBXBuildFile; fileRef = D289EF1717101A4200C0F4BF /* Cocoa.framework */; };
		D289EF2217101A4200C0F4BF /* InfoPlist.strings in Resources */ = {isa = PBXBuildFile; fileRef = D289EF2017101A4200C0F4BF /* InfoPlist.strings */; };
		D289EF2617101A4200C0F4BF /* NoodleLineViewForML.m in Sources */ = {isa = PBXBuildFile; fileRef = D289EF2517101A4200C0F4BF /* NoodleLineViewForML.m */; };
		D289EF3317101A6700C0F4BF /* MarkerLineNumberView.h in Headers */ = {isa = PBXBuildFile; fileRef = D289EF2D17101A6700C0F4BF /* MarkerLineNumberView.h */; settings = {ATTRIBUTES = (Public, ); }; };
		D289EF3417101A6700C0F4BF /* MarkerLineNumberView.m in Sources */ = {isa = PBXBuildFile; fileRef = D289EF2E17101A6700C0F4BF /* MarkerLineNumberView.m */; };
		D289EF3517101A6700C0F4BF /* NoodleLineNumberMarker.h in Headers */ = {isa = PBXBuildFile; fileRef = D289EF2F17101A6700C0F4BF /* NoodleLineNumberMarker.h */; };
		D289EF3617101A6700C0F4BF /* NoodleLineNumberMarker.m in Sources */ = {isa = PBXBuildFile; fileRef = D289EF3017101A6700C0F4BF /* NoodleLineNumberMarker.m */; };
		D289EF3717101A6700C0F4BF /* NoodleLineNumberView.h in Headers */ = {isa = PBXBuildFile; fileRef = D289EF3117101A6700C0F4BF /* NoodleLineNumberView.h */; settings = {ATTRIBUTES = (Public, ); }; };
		D289EF3817101A6700C0F4BF /* NoodleLineNumberView.m in Sources */ = {isa = PBXBuildFile; fileRef = D289EF3217101A6700C0F4BF /* NoodleLineNumberView.m */; };
		D289EF3917101AA100C0F4BF /* NoodleLineViewForML.h in Headers */ = {isa = PBXBuildFile; fileRef = D289EF2417101A4200C0F4BF /* NoodleLineViewForML.h */; settings = {ATTRIBUTES = (Public, ); }; };
/* End PBXBuildFile section */

/* Begin PBXFileReference section */
		D289EF1417101A4200C0F4BF /* NoodleLineViewForML.framework */ = {isa = PBXFileReference; explicitFileType = wrapper.framework; includeInIndex = 0; path = NoodleLineViewForML.framework; sourceTree = BUILT_PRODUCTS_DIR; };
		D289EF1717101A4200C0F4BF /* Cocoa.framework */ = {isa = PBXFileReference; lastKnownFileType = wrapper.framework; name = Cocoa.framework; path = System/Library/Frameworks/Cocoa.framework; sourceTree = SDKROOT; };
		D289EF1A17101A4200C0F4BF /* AppKit.framework */ = {isa = PBXFileReference; lastKnownFileType = wrapper.framework; name = AppKit.framework; path = System/Library/Frameworks/AppKit.framework; sourceTree = SDKROOT; };
		D289EF1B17101A4200C0F4BF /* CoreData.framework */ = {isa = PBXFileReference; lastKnownFileType = wrapper.framework; name = CoreData.framework; path = System/Library/Frameworks/CoreData.framework; sourceTree = SDKROOT; };
		D289EF1C17101A4200C0F4BF /* Foundation.framework */ = {isa = PBXFileReference; lastKnownFileType = wrapper.framework; name = Foundation.framework; path = System/Library/Frameworks/Foundation.framework; sourceTree = SDKROOT; };
		D289EF1F17101A4200C0F4BF /* NoodleLineViewForML-Info.plist */ = {isa = PBXFileReference; lastKnownFileType = text.plist.xml; path = "NoodleLineViewForML-Info.plist"; sourceTree = "<group>"; };
		D289EF2117101A4200C0F4BF /* en */ = {isa = PBXFileReference; lastKnownFileType = text.plist.strings; name = en; path = en.lproj/InfoPlist.strings; sourceTree = "<group>"; };
		D289EF2317101A4200C0F4BF /* NoodleLineViewForML-Prefix.pch */ = {isa = PBXFileReference; lastKnownFileType = sourcecode.c.h; path = "NoodleLineViewForML-Prefix.pch"; sourceTree = "<group>"; };
		D289EF2417101A4200C0F4BF /* NoodleLineViewForML.h */ = {isa = PBXFileReference; lastKnownFileType = sourcecode.c.h; path = NoodleLineViewForML.h; sourceTree = "<group>"; };
		D289EF2517101A4200C0F4BF /* NoodleLineViewForML.m */ = {isa = PBXFileReference; lastKnownFileType = sourcecode.c.objc; path = NoodleLineViewForML.m; sourceTree = "<group>"; };
		D289EF2D17101A6700C0F4BF /* MarkerLineNumberView.h */ = {isa = PBXFileReference; fileEncoding = 4; lastKnownFileType = sourcecode.c.h; path = MarkerLineNumberView.h; sourceTree = "<group>"; };
		D289EF2E17101A6700C0F4BF /* MarkerLineNumberView.m */ = {isa = PBXFileReference; fileEncoding = 4; lastKnownFileType = sourcecode.c.objc; path = MarkerLineNumberView.m; sourceTree = "<group>"; };
		D289EF2F17101A6700C0F4BF /* NoodleLineNumberMarker.h */ = {isa = PBXFileReference; fileEncoding = 4; lastKnownFileType = sourcecode.c.h; path = NoodleLineNumberMarker.h; sourceTree = "<group>"; };
		D289EF3017101A6700C0F4BF /* NoodleLineNumberMarker.m */ = {isa = PBXFileReference; fileEncoding = 4; lastKnownFileType = sourcecode.c.objc; path = NoodleLineNumberMarker.m; sourceTree = "<group>"; };
		D289EF3117101A6700C0F4BF /* NoodleLineNumberView.h */ = {isa = PBXFileReference; fileEncoding = 4; lastKnownFileType = sourcecode.c.h; path = NoodleLineNumberView.h; sourceTree = "<group>"; };
		D289EF3217101A6700C0F4BF /* NoodleLineNumberView.m */ = {isa = PBXFileReference; fileEncoding = 4; lastKnownFileType = sourcecode.c.objc; path = NoodleLineNumberView.m; sourceTree = "<group>"; };
/* End PBXFileReference section */

/* Begin PBXFrameworksBuildPhase section */
		D289EF1017101A4200C0F4BF /* Frameworks */ = {
			isa = PBXFrameworksBuildPhase;
			buildActionMask = 2147483647;
			files = (
				D289EF1817101A4200C0F4BF /* Cocoa.framework in Frameworks */,
			);
			runOnlyForDeploymentPostprocessing = 0;
		};
/* End PBXFrameworksBuildPhase section */

/* Begin PBXGroup section */
		D289EF0A17101A4200C0F4BF = {
			isa = PBXGroup;
			children = (
				D289EF1D17101A4200C0F4BF /* NoodleLineViewForML */,
				D289EF1617101A4200C0F4BF /* Frameworks */,
				D289EF1517101A4200C0F4BF /* Products */,
			);
			sourceTree = "<group>";
		};
		D289EF1517101A4200C0F4BF /* Products */ = {
			isa = PBXGroup;
			children = (
				D289EF1417101A4200C0F4BF /* NoodleLineViewForML.framework */,
			);
			name = Products;
			sourceTree = "<group>";
		};
		D289EF1617101A4200C0F4BF /* Frameworks */ = {
			isa = PBXGroup;
			children = (
				D289EF1717101A4200C0F4BF /* Cocoa.framework */,
				D289EF1917101A4200C0F4BF /* Other Frameworks */,
			);
			name = Frameworks;
			sourceTree = "<group>";
		};
		D289EF1917101A4200C0F4BF /* Other Frameworks */ = {
			isa = PBXGroup;
			children = (
				D289EF1A17101A4200C0F4BF /* AppKit.framework */,
				D289EF1B17101A4200C0F4BF /* CoreData.framework */,
				D289EF1C17101A4200C0F4BF /* Foundation.framework */,
			);
			name = "Other Frameworks";
			sourceTree = "<group>";
		};
		D289EF1D17101A4200C0F4BF /* NoodleLineViewForML */ = {
			isa = PBXGroup;
			children = (
				D289EF2C17101A5A00C0F4BF /* MainCode */,
				D289EF2417101A4200C0F4BF /* NoodleLineViewForML.h */,
				D289EF2517101A4200C0F4BF /* NoodleLineViewForML.m */,
				D289EF1E17101A4200C0F4BF /* Supporting Files */,
			);
			path = NoodleLineViewForML;
			sourceTree = "<group>";
		};
		D289EF1E17101A4200C0F4BF /* Supporting Files */ = {
			isa = PBXGroup;
			children = (
				D289EF1F17101A4200C0F4BF /* NoodleLineViewForML-Info.plist */,
				D289EF2017101A4200C0F4BF /* InfoPlist.strings */,
				D289EF2317101A4200C0F4BF /* NoodleLineViewForML-Prefix.pch */,
			);
			name = "Supporting Files";
			sourceTree = "<group>";
		};
		D289EF2C17101A5A00C0F4BF /* MainCode */ = {
			isa = PBXGroup;
			children = (
				D289EF2D17101A6700C0F4BF /* MarkerLineNumberView.h */,
				D289EF2E17101A6700C0F4BF /* MarkerLineNumberView.m */,
				D289EF2F17101A6700C0F4BF /* NoodleLineNumberMarker.h */,
				D289EF3017101A6700C0F4BF /* NoodleLineNumberMarker.m */,
				D289EF3117101A6700C0F4BF /* NoodleLineNumberView.h */,
				D289EF3217101A6700C0F4BF /* NoodleLineNumberView.m */,
			);
			name = MainCode;
			sourceTree = "<group>";
		};
/* End PBXGroup section */

/* Begin PBXHeadersBuildPhase section */
		D289EF1117101A4200C0F4BF /* Headers */ = {
			isa = PBXHeadersBuildPhase;
			buildActionMask = 2147483647;
			files = (
				D289EF3317101A6700C0F4BF /* MarkerLineNumberView.h in Headers */,
				D289EF3717101A6700C0F4BF /* NoodleLineNumberView.h in Headers */,
				D289EF3917101AA100C0F4BF /* NoodleLineViewForML.h in Headers */,
				D289EF3517101A6700C0F4BF /* NoodleLineNumberMarker.h in Headers */,
			);
			runOnlyForDeploymentPostprocessing = 0;
		};
/* End PBXHeadersBuildPhase section */

/* Begin PBXNativeTarget section */
		D289EF1317101A4200C0F4BF /* NoodleLineViewForML */ = {
			isa = PBXNativeTarget;
			buildConfigurationList = D289EF2917101A4200C0F4BF /* Build configuration list for PBXNativeTarget "NoodleLineViewForML" */;
			buildPhases = (
				D289EF0F17101A4200C0F4BF /* Sources */,
				D289EF1017101A4200C0F4BF /* Frameworks */,
				D289EF1117101A4200C0F4BF /* Headers */,
				D289EF1217101A4200C0F4BF /* Resources */,
			);
			buildRules = (
			);
			dependencies = (
			);
			name = NoodleLineViewForML;
			productName = NoodleLineViewForML;
			productReference = D289EF1417101A4200C0F4BF /* NoodleLineViewForML.framework */;
			productType = "com.apple.product-type.framework";
		};
/* End PBXNativeTarget section */

/* Begin PBXProject section */
		D289EF0B17101A4200C0F4BF /* Project object */ = {
			isa = PBXProject;
			attributes = {
				LastUpgradeCheck = 0460;
				ORGANIZATIONNAME = "Tobias Mende";
			};
			buildConfigurationList = D289EF0E17101A4200C0F4BF /* Build configuration list for PBXProject "NoodleLineViewForML" */;
			compatibilityVersion = "Xcode 3.2";
			developmentRegion = English;
			hasScannedForEncodings = 0;
			knownRegions = (
				en,
			);
			mainGroup = D289EF0A17101A4200C0F4BF;
			productRefGroup = D289EF1517101A4200C0F4BF /* Products */;
			projectDirPath = "";
			projectRoot = "";
			targets = (
				D289EF1317101A4200C0F4BF /* NoodleLineViewForML */,
			);
		};
/* End PBXProject section */

/* Begin PBXResourcesBuildPhase section */
		D289EF1217101A4200C0F4BF /* Resources */ = {
			isa = PBXResourcesBuildPhase;
			buildActionMask = 2147483647;
			files = (
				D289EF2217101A4200C0F4BF /* InfoPlist.strings in Resources */,
			);
			runOnlyForDeploymentPostprocessing = 0;
		};
/* End PBXResourcesBuildPhase section */

/* Begin PBXSourcesBuildPhase section */
		D289EF0F17101A4200C0F4BF /* Sources */ = {
			isa = PBXSourcesBuildPhase;
			buildActionMask = 2147483647;
			files = (
				D289EF2617101A4200C0F4BF /* NoodleLineViewForML.m in Sources */,
				D289EF3417101A6700C0F4BF /* MarkerLineNumberView.m in Sources */,
				D289EF3617101A6700C0F4BF /* NoodleLineNumberMarker.m in Sources */,
				D289EF3817101A6700C0F4BF /* NoodleLineNumberView.m in Sources */,
			);
			runOnlyForDeploymentPostprocessing = 0;
		};
/* End PBXSourcesBuildPhase section */

/* Begin PBXVariantGroup section */
		D289EF2017101A4200C0F4BF /* InfoPlist.strings */ = {
			isa = PBXVariantGroup;
			children = (
				D289EF2117101A4200C0F4BF /* en */,
			);
			name = InfoPlist.strings;
			sourceTree = "<group>";
		};
/* End PBXVariantGroup section */

/* Begin XCBuildConfiguration section */
		D289EF2717101A4200C0F4BF /* Debug */ = {
			isa = XCBuildConfiguration;
			buildSettings = {
				ALWAYS_SEARCH_USER_PATHS = YES;
				ARCHS = "$(ARCHS_STANDARD_64_BIT)";
				CLANG_CXX_LANGUAGE_STANDARD = "gnu++0x";
				CLANG_CXX_LIBRARY = "libc++";
				CLANG_ENABLE_OBJC_ARC = YES;
				CLANG_WARN_CONSTANT_CONVERSION = YES;
				CLANG_WARN_EMPTY_BODY = YES;
				CLANG_WARN_ENUM_CONVERSION = YES;
				CLANG_WARN_INT_CONVERSION = YES;
				CLANG_WARN__DUPLICATE_METHOD_MATCH = YES;
				COPY_PHASE_STRIP = YES;
				GCC_C_LANGUAGE_STANDARD = gnu99;
				GCC_DYNAMIC_NO_PIC = NO;
				GCC_ENABLE_OBJC_EXCEPTIONS = YES;
				GCC_OPTIMIZATION_LEVEL = 0;
				GCC_PREPROCESSOR_DEFINITIONS = (
					"DEBUG=1",
					"$(inherited)",
				);
				GCC_SYMBOLS_PRIVATE_EXTERN = NO;
				GCC_WARN_64_TO_32_BIT_CONVERSION = YES;
				GCC_WARN_ABOUT_RETURN_TYPE = YES;
				GCC_WARN_UNINITIALIZED_AUTOS = YES;
				GCC_WARN_UNUSED_VARIABLE = YES;
				MACOSX_DEPLOYMENT_TARGET = 10.7;
				ONLY_ACTIVE_ARCH = YES;
				SDKROOT = macosx;
			};
			name = Debug;
		};
		D289EF2817101A4200C0F4BF /* Release */ = {
			isa = XCBuildConfiguration;
			buildSettings = {
				ALWAYS_SEARCH_USER_PATHS = YES;
				ARCHS = "$(ARCHS_STANDARD_64_BIT)";
				CLANG_CXX_LANGUAGE_STANDARD = "gnu++0x";
				CLANG_CXX_LIBRARY = "libc++";
				CLANG_ENABLE_OBJC_ARC = YES;
				CLANG_WARN_CONSTANT_CONVERSION = YES;
				CLANG_WARN_EMPTY_BODY = YES;
				CLANG_WARN_ENUM_CONVERSION = YES;
				CLANG_WARN_INT_CONVERSION = YES;
				CLANG_WARN__DUPLICATE_METHOD_MATCH = YES;
				COPY_PHASE_STRIP = YES;
				DEBUG_INFORMATION_FORMAT = dwarf;
				GCC_C_LANGUAGE_STANDARD = gnu99;
				GCC_ENABLE_OBJC_EXCEPTIONS = YES;
				GCC_WARN_64_TO_32_BIT_CONVERSION = YES;
				GCC_WARN_ABOUT_RETURN_TYPE = YES;
				GCC_WARN_UNINITIALIZED_AUTOS = YES;
				GCC_WARN_UNUSED_VARIABLE = YES;
				MACOSX_DEPLOYMENT_TARGET = 10.7;
				SDKROOT = macosx;
			};
			name = Release;
		};
		D289EF2A17101A4200C0F4BF /* Debug */ = {
			isa = XCBuildConfiguration;
			buildSettings = {
				COMBINE_HIDPI_IMAGES = YES;
				DYLIB_COMPATIBILITY_VERSION = 2;
				DYLIB_CURRENT_VERSION = 2;
				FRAMEWORK_VERSION = A;
				GCC_PRECOMPILE_PREFIX_HEADER = YES;
				GCC_PREFIX_HEADER = "NoodleLineViewForML/NoodleLineViewForML-Prefix.pch";
				INFOPLIST_FILE = "NoodleLineViewForML/NoodleLineViewForML-Info.plist";
				PRODUCT_NAME = "$(TARGET_NAME)";
				WRAPPER_EXTENSION = framework;
			};
			name = Debug;
		};
		D289EF2B17101A4200C0F4BF /* Release */ = {
			isa = XCBuildConfiguration;
			buildSettings = {
				COMBINE_HIDPI_IMAGES = YES;
				DYLIB_COMPATIBILITY_VERSION = 2;
				DYLIB_CURRENT_VERSION = 2;
				FRAMEWORK_VERSION = A;
				GCC_PRECOMPILE_PREFIX_HEADER = YES;
				GCC_PREFIX_HEADER = "NoodleLineViewForML/NoodleLineViewForML-Prefix.pch";
				INFOPLIST_FILE = "NoodleLineViewForML/NoodleLineViewForML-Info.plist";
				PRODUCT_NAME = "$(TARGET_NAME)";
				WRAPPER_EXTENSION = framework;
			};
			name = Release;
		};
/* End XCBuildConfiguration section */

/* Begin XCConfigurationList section */
		D289EF0E17101A4200C0F4BF /* Build configuration list for PBXProject "NoodleLineViewForML" */ = {
			isa = XCConfigurationList;
			buildConfigurations = (
				D289EF2717101A4200C0F4BF /* Debug */,
				D289EF2817101A4200C0F4BF /* Release */,
			);
			defaultConfigurationIsVisible = 0;
			defaultConfigurationName = Release;
		};
		D289EF2917101A4200C0F4BF /* Build configuration list for PBXNativeTarget "NoodleLineViewForML" */ = {
			isa = XCConfigurationList;
			buildConfigurations = (
				D289EF2A17101A4200C0F4BF /* Debug */,
				D289EF2B17101A4200C0F4BF /* Release */,
			);
			defaultConfigurationIsVisible = 0;
		};
/* End XCConfigurationList section */
	};
	rootObject = D289EF0B17101A4200C0F4BF /* Project object */;
}
